<Solution>
  <Folder Name="/Task0/">
    <Project Path="Tyuiu.KotlovaEA.Sprint1.Task0.V11.Lib/Tyuiu.KotlovaEA.Sprint1.Task0.V11.Lib.csproj" />
    <Project Path="Tyuiu.KotlovaEA.Sprint1.Task0.V11.Test/Tyuiu.KotlovaEA.Sprint1.Task0.V11.Test.csproj" />
    <Project Path="Tyuiu.KotlovaEA.Sprint1.Task0.V11/Tyuiu.KotlovaEA.Sprint1.Task0.V11.csproj" />
  </Folder>
</Solution>
