<Solution>
  <Folder Name="/Task0/">
    <Project Path="Tyuiu.KotlovaEA.Sprint1.Task0.V11.Lib/Tyuiu.KotlovaEA.Sprint1.Task0.V11.Lib.csproj" />
    <Project Path="Tyuiu.KotlovaEA.Sprint1.Task0.V11.Test/Tyuiu.KotlovaEA.Sprint1.Task0.V11.Test.csproj" />
    <Project Path="Tyuiu.KotlovaEA.Sprint1.Task0.V11/Tyuiu.KotlovaEA.Sprint1.Task0.V11.csproj" />
  </Folder>
  <Folder Name="/Task1/">
    <Project Path="Tyuiu.KotlovaEA.Sprint1.Task1.V7.Lib/Tyuiu.KotlovaEA.Sprint1.Task1.V7.Lib.csproj" Id="8a1a7607-5f0b-4f42-865d-af17bf372678" />
    <Project Path="Tyuiu.KotlovaEA.Sprint1.Task1.V7.Test/Tyuiu.KotlovaEA.Sprint1.Task1.V7.Test.csproj" Id="6e3becc7-4e6b-4471-8bae-aa986a3ee17a" />
    <Project Path="Tyuiu.KotlovaEA.Sprint1.Task1.V7/Tyuiu.KotlovaEA.Sprint1.Task1.V7.csproj" Id="152ea563-4d76-4866-8713-6488159f3091" />
  </Folder>
  <Folder Name="/Task2/">
    <Project Path="Tyuiu.KotlovaEA.Sprint1.Task2.V21.Lib/Tyuiu.KotlovaEA.Sprint1.Task2.V21.Lib.csproj" Id="caf0f7a2-8f81-439f-bb00-430967adafa8" />
    <Project Path="Tyuiu.KotlovaEA.Sprint1.Task2.V21.Test/Tyuiu.KotlovaEA.Sprint1.Task2.V21.Test.csproj" Id="d10ad4d4-7d9c-4ff4-944e-606ff35f801f" />
    <Project Path="Tyuiu.KotlovaEA.Sprint1.Task2.V21/Tyuiu.KotlovaEA.Sprint1.Task2.V21.csproj" Id="77d0b932-bcee-4207-b697-e01a65b22f49" />
  </Folder>
  <Folder Name="/Task3/">
    <Project Path="Tyuiu.KotlovaEA.Sprint1.Task3.V16.Lib/Tyuiu.KotlovaEA.Sprint1.Task3.V16.Lib.csproj" Id="dcf44815-c6b0-4a8d-83a1-c4658ba507f2" />
    <Project Path="Tyuiu.KotlovaEA.Sprint1.Task3.V16.Test/Tyuiu.KotlovaEA.Sprint1.Task3.V16.Test.csproj" Id="1f6efabc-b4e9-4741-b407-557e3dba13d9" />
    <Project Path="Tyuiu.KotlovaEA.Sprint1.Task3.V16/Tyuiu.KotlovaEA.Sprint1.Task3.V16.csproj" Id="fb9d821e-e05c-4c9f-ac9a-c7a6cfcefaa1" />
  </Folder>
  <Folder Name="/Task4/">
    <Project Path="Tyuiu.KotlovaEA.Sprint1.Task4.V28.Lib/Tyuiu.KotlovaEA.Sprint1.Task4.V28.Lib.csproj" Id="86295e7a-e00e-4095-9416-d7288257cff5" />
    <Project Path="Tyuiu.KotlovaEA.Sprint1.Task4.V28.Test/Tyuiu.KotlovaEA.Sprint1.Task4.V28.Test.csproj" Id="59adfa16-edc1-48ae-b130-29e460951732" />
    <Project Path="Tyuiu.KotlovaEA.Sprint1.Task4.V28/Tyuiu.KotlovaEA.Sprint1.Task4.V28.csproj" Id="ec01ad0e-a68c-4ed8-8bc8-d545ed8a8ece" />
  </Folder>
  <Folder Name="/Task5/">
    <Project Path="Tyuiu.KotlovaEA.Sprint1.Task5.V7.Lib/Tyuiu.KotlovaEA.Sprint1.Task5.V7.Lib.csproj" Id="24a03493-621d-4e1a-8439-fa74f7f818e6" />
    <Project Path="Tyuiu.KotlovaEA.Sprint1.Task5.V7.Test/Tyuiu.KotlovaEA.Sprint1.Task5.V7.Test.csproj" Id="71810b28-1807-4279-9910-b6b05d0f5258" />
    <Project Path="Tyuiu.KotlovaEA.Sprint1.Task5.V7/Tyuiu.KotlovaEA.Sprint1.Task5.V7.csproj" Id="2930f11f-7c89-48b6-bd36-e2731227885e" />
  </Folder>
  <Folder Name="/Task6/">
    <Project Path="Tyuiu.KotlovaEA.Sprint1.Task6.V13.Lib/Tyuiu.KotlovaEA.Sprint1.Task6.V13.Lib.csproj" Id="f93d2b13-ed06-4640-88ac-40aad9fe260e" />
    <Project Path="Tyuiu.KotlovaEA.Sprint1.Task6.V13.Test/Tyuiu.KotlovaEA.Sprint1.Task6.V13.Test.csproj" Id="68e628f3-ffc1-41c8-b86e-e2d7e9763315" />
    <Project Path="Tyuiu.KotlovaEA.Sprint1.Task6.V13/Tyuiu.KotlovaEA.Sprint1.Task6.V13.csproj" Id="e5e9d780-4611-44da-afa1-55c45e8223c0" />
  </Folder>
  <Folder Name="/Task7/">
    <Project Path="Tyuiu.KotlovaEA.Sprint1.Task7.V25.Lib/Tyuiu.KotlovaEA.Sprint1.Task7.V25.Lib.csproj" Id="fd46d413-9036-4a59-8a7c-cac10928d81e" />
    <Project Path="Tyuiu.KotlovaEA.Sprint1.Task7.V25.Test/Tyuiu.KotlovaEA.Sprint1.Task7.V25.Test.csproj" Id="b7f6a570-fa37-434a-9a3d-869db94ead10" />
    <Project Path="Tyuiu.KotlovaEA.Sprint1.Task7.V25/Tyuiu.KotlovaEA.Sprint1.Task7.V25.csproj" Id="f085326c-2d5a-47eb-b76f-1460fe96776d" />
  </Folder>
</Solution>
